
Microsoft Visual Studio Solution File, Format Version 12.00
# Visual Studio Version 17
VisualStudioVersion = 17.0.31903.59
MinimumVisualStudioVersion = 10.0.40219.1
Project("{2150E333-8FDC-42A3-9474-1A3956D46DE8}") = "src", "src", "{233CE2A6-A943-4208-9D4B-977A0ACFE6E9}"
EndProject
Project("{FAE04EC0-301F-11D3-BF4B-00C04F79EFBC}") = "DoIt.Core", "src\Core\DoIt.Core.csproj", "{AD3168C6-63AF-4D97-8E87-544D0B59D21F}"
EndProject
Project("{2150E333-8FDC-42A3-9474-1A3956D46DE8}") = "test", "test", "{F2181DC3-F477-45FA-BE95-0DE397A8F37B}"
EndProject
Project("{FAE04EC0-301F-11D3-BF4B-00C04F79EFBC}") = "DoIt.Core.Test", "test\Core\DoIt.Core.Test.csproj", "{4E93D98C-11EA-4190-BB2B-BA4EF2B6636F}"
EndProject
Project("{FAE04EC0-301F-11D3-BF4B-00C04F79EFBC}") = "DoIt.Infra", "src\Infra\DoIt.Infra.csproj", "{6B41826C-D434-4612-A27C-AA92EDB6666E}"
EndProject
Project("{FAE04EC0-301F-11D3-BF4B-00C04F79EFBC}") = "DoIt.Infra.Test", "test\Infra\DoIt.Infra.Test.csproj", "{693FF0EF-F76C-4C7B-B016-C7E93FC1B74C}"
EndProject
Project("{FAE04EC0-301F-11D3-BF4B-00C04F79EFBC}") = "DoIt.Web", "src\Web\DoIt.Web.csproj", "{5CED7EFF-51A2-4854-BBD5-C85AE6F1B55F}"
EndProject
Project("{FAE04EC0-301F-11D3-BF4B-00C04F79EFBC}") = "DoIt.Web.Test", "test\Web\DoIt.Web.Test.csproj", "{91A02CFD-F945-4CE9-86FF-4FE4E14433D7}"
EndProject
Global
	GlobalSection(SolutionConfigurationPlatforms) = preSolution
		Debug|Any CPU = Debug|Any CPU
		Release|Any CPU = Release|Any CPU
	EndGlobalSection
	GlobalSection(SolutionProperties) = preSolution
		HideSolutionNode = FALSE
	EndGlobalSection
	GlobalSection(ProjectConfigurationPlatforms) = postSolution
		{AD3168C6-63AF-4D97-8E87-544D0B59D21F}.Debug|Any CPU.ActiveCfg = Debug|Any CPU
		{AD3168C6-63AF-4D97-8E87-544D0B59D21F}.Debug|Any CPU.Build.0 = Debug|Any CPU
		{AD3168C6-63AF-4D97-8E87-544D0B59D21F}.Release|Any CPU.ActiveCfg = Release|Any CPU
		{AD3168C6-63AF-4D97-8E87-544D0B59D21F}.Release|Any CPU.Build.0 = Release|Any CPU
		{4E93D98C-11EA-4190-BB2B-BA4EF2B6636F}.Debug|Any CPU.ActiveCfg = Debug|Any CPU
		{4E93D98C-11EA-4190-BB2B-BA4EF2B6636F}.Debug|Any CPU.Build.0 = Debug|Any CPU
		{4E93D98C-11EA-4190-BB2B-BA4EF2B6636F}.Release|Any CPU.ActiveCfg = Release|Any CPU
		{4E93D98C-11EA-4190-BB2B-BA4EF2B6636F}.Release|Any CPU.Build.0 = Release|Any CPU
		{6B41826C-D434-4612-A27C-AA92EDB6666E}.Debug|Any CPU.ActiveCfg = Debug|Any CPU
		{6B41826C-D434-4612-A27C-AA92EDB6666E}.Debug|Any CPU.Build.0 = Debug|Any CPU
		{6B41826C-D434-4612-A27C-AA92EDB6666E}.Release|Any CPU.ActiveCfg = Release|Any CPU
		{6B41826C-D434-4612-A27C-AA92EDB6666E}.Release|Any CPU.Build.0 = Release|Any CPU
		{693FF0EF-F76C-4C7B-B016-C7E93FC1B74C}.Debug|Any CPU.ActiveCfg = Debug|Any CPU
		{693FF0EF-F76C-4C7B-B016-C7E93FC1B74C}.Debug|Any CPU.Build.0 = Debug|Any CPU
		{693FF0EF-F76C-4C7B-B016-C7E93FC1B74C}.Release|Any CPU.ActiveCfg = Release|Any CPU
		{693FF0EF-F76C-4C7B-B016-C7E93FC1B74C}.Release|Any CPU.Build.0 = Release|Any CPU
		{5CED7EFF-51A2-4854-BBD5-C85AE6F1B55F}.Debug|Any CPU.ActiveCfg = Debug|Any CPU
		{5CED7EFF-51A2-4854-BBD5-C85AE6F1B55F}.Debug|Any CPU.Build.0 = Debug|Any CPU
		{5CED7EFF-51A2-4854-BBD5-C85AE6F1B55F}.Release|Any CPU.ActiveCfg = Release|Any CPU
		{5CED7EFF-51A2-4854-BBD5-C85AE6F1B55F}.Release|Any CPU.Build.0 = Release|Any CPU
		{91A02CFD-F945-4CE9-86FF-4FE4E14433D7}.Debug|Any CPU.ActiveCfg = Debug|Any CPU
		{91A02CFD-F945-4CE9-86FF-4FE4E14433D7}.Debug|Any CPU.Build.0 = Debug|Any CPU
		{91A02CFD-F945-4CE9-86FF-4FE4E14433D7}.Release|Any CPU.ActiveCfg = Release|Any CPU
		{91A02CFD-F945-4CE9-86FF-4FE4E14433D7}.Release|Any CPU.Build.0 = Release|Any CPU
	EndGlobalSection
	GlobalSection(NestedProjects) = preSolution
		{AD3168C6-63AF-4D97-8E87-544D0B59D21F} = {233CE2A6-A943-4208-9D4B-977A0ACFE6E9}
		{4E93D98C-11EA-4190-BB2B-BA4EF2B6636F} = {F2181DC3-F477-45FA-BE95-0DE397A8F37B}
		{6B41826C-D434-4612-A27C-AA92EDB6666E} = {233CE2A6-A943-4208-9D4B-977A0ACFE6E9}
		{693FF0EF-F76C-4C7B-B016-C7E93FC1B74C} = {F2181DC3-F477-45FA-BE95-0DE397A8F37B}
		{5CED7EFF-51A2-4854-BBD5-C85AE6F1B55F} = {233CE2A6-A943-4208-9D4B-977A0ACFE6E9}
		{91A02CFD-F945-4CE9-86FF-4FE4E14433D7} = {F2181DC3-F477-45FA-BE95-0DE397A8F37B}
	EndGlobalSection
EndGlobal
